lockfileVersion: 5.4

importers:

  ../../../Library/pnpm/store/v3/tmp/dlx-16940:
    specifiers:
      husky: 7.0.4
    dependencies:
      husky: 7.0.4

packages:

  /husky/7.0.4:
    resolution: {integrity: sha512-vbaCKN2QLtP/vD4yvs6iz6hBEo6wkSzs8HpRah1Z6aGmF2KW5PdYuAd7uX5a+OyBZHBhd+TFLqgjUgytQr4RvQ==}
    engines: {node: '>=12'}
    hasBin: true
    dev: false
